Microsoft Visual Studio Solution File, Format Version 12.00
# Visual Studio Version 17
VisualStudioVersion = 17.5.2.0
MinimumVisualStudioVersion = 10.0.40219.1
Project("{2150E333-8FDC-42A3-9474-1A3956D46DE8}") = "src", "src", "{827E0CD3-B72D-47B6-A68D-7590B98EB39B}"
EndProject
Project("{2150E333-8FDC-42A3-9474-1A3956D46DE8}") = "backend", "backend", "{FE360695-3F2B-1049-3887-35FBB5135923}"
EndProject
Project("{FAE04EC0-301F-11D3-BF4B-00C04F79EFBC}") = "AgenticCompany.Core", "src\backend\AgenticCompany.Core\AgenticCompany.Core.csproj", "{9EA51238-668E-9482-A107-CD537BE5C290}"
EndProject
Project("{FAE04EC0-301F-11D3-BF4B-00C04F79EFBC}") = "AgenticCompany.Infrastructure", "src\backend\AgenticCompany.Infrastructure\AgenticCompany.Infrastructure.csproj", "{BF1237A4-ACF8-C908-DCDD-045EF1594038}"
EndProject
Project("{FAE04EC0-301F-11D3-BF4B-00C04F79EFBC}") = "AgenticCompany.Tests", "src\backend\AgenticCompany.Tests\AgenticCompany.Tests.csproj", "{10C5ECBD-E50D-953A-87B0-44BB9E62C50A}"
EndProject
Project("{FAE04EC0-301F-11D3-BF4B-00C04F79EFBC}") = "AgenticCompany.Api", "src\backend\AgenticCompany.Api\AgenticCompany.Api.csproj", "{5B9B67DE-7D3C-D817-53CC-D317C88B502C}"
EndProject
Global
	GlobalSection(SolutionConfigurationPlatforms) = preSolution
		Debug|Any CPU = Debug|Any CPU
		Release|Any CPU = Release|Any CPU
	EndGlobalSection
	GlobalSection(ProjectConfigurationPlatforms) = postSolution
		{9EA51238-668E-9482-A107-CD537BE5C290}.Debug|Any CPU.ActiveCfg = Debug|Any CPU
		{9EA51238-668E-9482-A107-CD537BE5C290}.Debug|Any CPU.Build.0 = Debug|Any CPU
		{9EA51238-668E-9482-A107-CD537BE5C290}.Release|Any CPU.ActiveCfg = Release|Any CPU
		{9EA51238-668E-9482-A107-CD537BE5C290}.Release|Any CPU.Build.0 = Release|Any CPU
		{BF1237A4-ACF8-C908-DCDD-045EF1594038}.Debug|Any CPU.ActiveCfg = Debug|Any CPU
		{BF1237A4-ACF8-C908-DCDD-045EF1594038}.Debug|Any CPU.Build.0 = Debug|Any CPU
		{BF1237A4-ACF8-C908-DCDD-045EF1594038}.Release|Any CPU.ActiveCfg = Release|Any CPU
		{BF1237A4-ACF8-C908-DCDD-045EF1594038}.Release|Any CPU.Build.0 = Release|Any CPU
		{10C5ECBD-E50D-953A-87B0-44BB9E62C50A}.Debug|Any CPU.ActiveCfg = Debug|Any CPU
		{10C5ECBD-E50D-953A-87B0-44BB9E62C50A}.Debug|Any CPU.Build.0 = Debug|Any CPU
		{10C5ECBD-E50D-953A-87B0-44BB9E62C50A}.Release|Any CPU.ActiveCfg = Release|Any CPU
		{10C5ECBD-E50D-953A-87B0-44BB9E62C50A}.Release|Any CPU.Build.0 = Release|Any CPU
		{5B9B67DE-7D3C-D817-53CC-D317C88B502C}.Debug|Any CPU.ActiveCfg = Debug|Any CPU
		{5B9B67DE-7D3C-D817-53CC-D317C88B502C}.Debug|Any CPU.Build.0 = Debug|Any CPU
		{5B9B67DE-7D3C-D817-53CC-D317C88B502C}.Release|Any CPU.ActiveCfg = Release|Any CPU
		{5B9B67DE-7D3C-D817-53CC-D317C88B502C}.Release|Any CPU.Build.0 = Release|Any CPU
	EndGlobalSection
	GlobalSection(SolutionProperties) = preSolution
		HideSolutionNode = FALSE
	EndGlobalSection
	GlobalSection(NestedProjects) = preSolution
		{FE360695-3F2B-1049-3887-35FBB5135923} = {827E0CD3-B72D-47B6-A68D-7590B98EB39B}
		{9EA51238-668E-9482-A107-CD537BE5C290} = {FE360695-3F2B-1049-3887-35FBB5135923}
		{BF1237A4-ACF8-C908-DCDD-045EF1594038} = {FE360695-3F2B-1049-3887-35FBB5135923}
		{10C5ECBD-E50D-953A-87B0-44BB9E62C50A} = {FE360695-3F2B-1049-3887-35FBB5135923}
		{5B9B67DE-7D3C-D817-53CC-D317C88B502C} = {FE360695-3F2B-1049-3887-35FBB5135923}
	EndGlobalSection
	GlobalSection(ExtensibilityGlobals) = postSolution
		SolutionGuid = {F6759AF1-79F2-4E4D-8A61-893D733F508F}
	EndGlobalSection
EndGlobal
